
Microsoft Visual Studio Solution File, Format Version 11.00
# Visual Studio 2010
Project("{FAE04EC0-301F-11D3-BF4B-00C04F79EFBC}") = "ConsoleApplication2", "ConsoleApplication2\ConsoleApplication2.csproj", "{DEEC904C-937B-4EA0-94AE-583CAC2F252C}"
EndProject
Global
	GlobalSection(SolutionConfigurationPlatforms) = preSolution
		Debug|x86 = Debug|x86
		Release|x86 = Release|x86
	EndGlobalSection
	GlobalSection(ProjectConfigurationPlatforms) = postSolution
		{DEEC904C-937B-4EA0-94AE-583CAC2F252C}.Debug|x86.ActiveCfg = Debug|x86
		{DEEC904C-937B-4EA0-94AE-583CAC2F252C}.Debug|x86.Build.0 = Debug|x86
		{DEEC904C-937B-4EA0-94AE-583CAC2F252C}.Release|x86.ActiveCfg = Release|x86
		{DEEC904C-937B-4EA0-94AE-583CAC2F252C}.Release|x86.Build.0 = Release|x86
	EndGlobalSection
	GlobalSection(SolutionProperties) = preSolution
		HideSolutionNode = FALSE
	EndGlobalSection
EndGlobal
